<?xml version="1.0" encoding="UTF-8" standalone="yes" ?>
<CodeBlocks_project_file>
	<FileVersion major="1" minor="6" />
	<Project>
		<Option title="Univali Projeto Integrador 1B Entrega Final" />
		<Option execution_dir="C:/Users/alexa/Documents/Programação/20200612 Univali Projeto Integrador 1B/Univali Projeto Integrador 1B Entrega Final/" />
		<Option pch_mode="2" />
		<Option default_target="Release" />
		<Option compiler="gcc" />
		<Build>
			<Target title="Debug">
				<Option output="bin/Debug/Univali Projeto Integrador 1B Entrega Final" prefix_auto="1" extension_auto="1" />
				<Option object_output="obj/Debug/" />
				<Option type="1" />
				<Option compiler="gcc" />
				<Compiler>
					<Add option="-g" />
				</Compiler>
			</Target>
			<Target title="Release">
				<Option output="bin/Release/Univali Projeto Integrador 1B Entrega Final" prefix_auto="1" extension_auto="1" />
				<Option object_output="obj/Release/" />
				<Option type="1" />
				<Option compiler="gcc" />
				<Compiler>
					<Add option="-O2" />
				</Compiler>
				<Linker>
					<Add option="-s" />
				</Linker>
			</Target>
		</Build>
		<Compiler>
			<Add option="-Wall" />
			<Add option="-fexceptions" />
		</Compiler>
		<Unit filename="../Documents/Programação/20200612 Univali Projeto Integrador 1B/Univali Projeto Integrador 1B Entrega Final/limpatela.h">
			<Option compile="1" />
			<Option link="1" />
		</Unit>
		<Unit filename="../Documents/Programação/20200612 Univali Projeto Integrador 1B/Univali Projeto Integrador 1B Entrega Final/main.cpp" />
		<Extensions>
			<lib_finder disable_auto="1" />
		</Extensions>
	</Project>
</CodeBlocks_project_file>
